{
  "name": "datainmax",
  "version": "1.0.0",
  "lockfileVersion": 1,
  "requires": true,
  "dependencies": {
    "easier-iss": {
      "version": "1.1.2",
      "resolved": "https://registry.npmjs.org/easier-iss/-/easier-iss-1.1.2.tgz",
      "integrity": "sha512-BjPT8jF7iqPuAQ5PgA8Dtx8CLzk78N89fMPQrAoDpX1l6b7oTpWddmEYaM3wrzAQ1N/SPgIkUs2bwjuIuxxAPw==",
      "requires": {
        "https": "^1.0.0",
        "url": "^0.11.0"
      }
    },
    "https": {
      "version": "1.0.0",
      "resolved": "https://registry.npmjs.org/https/-/https-1.0.0.tgz",
      "integrity": "sha1-PDfHrhqO65ZpBKKtHpdaGUt+06Q="
    },
    "node-fetch": {
      "version": "2.6.1",
      "resolved": "https://registry.npmjs.org/node-fetch/-/node-fetch-2.6.1.tgz",
      "integrity": "sha512-V4aYg89jEoVRxRb2fJdAg8FHvI7cEyYdVAh94HH0UIK8oJxUfkjlDQN9RbMx+bEjP7+ggMiFRprSti032Oipxw=="
    },
    "openweather-apis": {
      "version": "4.4.1",
      "resolved": "https://registry.npmjs.org/openweather-apis/-/openweather-apis-4.4.1.tgz",
      "integrity": "sha512-/t3IVSEwLFQN2xBdu4iAib9OifLzdAbea/OCokchZgvMOgwMEmr8g/pRz2HjuYQpHp6HWaiS2dMf5h48LJPGug=="
    },
    "punycode": {
      "version": "1.3.2",
      "resolved": "https://registry.npmjs.org/punycode/-/punycode-1.3.2.tgz",
      "integrity": "sha1-llOgNvt8HuQjQvIyXM7v6jkmxI0="
    },
    "querystring": {
      "version": "0.2.0",
      "resolved": "https://registry.npmjs.org/querystring/-/querystring-0.2.0.tgz",
      "integrity": "sha1-sgmEkgO7Jd+CDadW50cAWHhSFiA="
    },
    "url": {
      "version": "0.11.0",
      "resolved": "https://registry.npmjs.org/url/-/url-0.11.0.tgz",
      "integrity": "sha1-ODjpfPxgUh63PFJajlW/3Z4uKPE=",
      "requires": {
        "punycode": "1.3.2",
        "querystring": "0.2.0"
      }
    }
  }
}
